{
  "name": "get_excel",
  "version": "1.0.0",
  "lockfileVersion": 1,
  "requires": true,
  "dependencies": {
    "node": {
      "version": "13.1.0",
      "resolved": "https://registry.npmjs.org/node/-/node-13.1.0.tgz",
      "integrity": "sha512-EAolY+/NT6s737S8VdlbcO0s6RXNoYtFBsQarcXrEFWindhzWiPi5H8V6Y+qmF2uESjz0+DvPej+UJ9zLZx6ig==",
      "requires": {
        "node-bin-setup": "^1.0.0"
      }
    },
    "node-bin-setup": {
      "version": "1.0.6",
      "resolved": "https://registry.npmjs.org/node-bin-setup/-/node-bin-setup-1.0.6.tgz",
      "integrity": "sha512-uPIxXNis1CRbv1DwqAxkgBk5NFV3s7cMN/Gf556jSw6jBvV7ca4F9lRL/8cALcZecRibeqU+5dFYqFFmzv5a0Q=="
    }
  }
}
