{
  "name": "npmpackage",
  "version": "1.0.0",
  "lockfileVersion": 1,
  "requires": true,
  "dependencies": {
    "dayjs": {
      "version": "1.8.17",
      "resolved": "https://registry.npmjs.org/dayjs/-/dayjs-1.8.17.tgz",
      "integrity": "sha512-47VY/htqYqr9GHd7HW/h56PpQzRBSJcxIQFwqL3P20bMF/3az5c3PWdVY3LmPXFl6cQCYHL7c79b9ov+2bOBbw=="
    }
  }
}
